
Microsoft Visual Studio Solution File, Format Version 12.00
# Visual Studio 15
VisualStudioVersion = 15.0.28010.0
MinimumVisualStudioVersion = 10.0.40219.1
Project("{FAE04EC0-301F-11D3-BF4B-00C04F79EFBC}") = "10.3", "HemisphereTest\10.3.csproj", "{2CF1DD96-C97C-453D-BBE5-C4D6ABD04259}"
EndProject
Project("{FAE04EC0-301F-11D3-BF4B-00C04F79EFBC}") = "Time2", "Time2\Time2.csproj", "{0A3447F0-201A-466D-8DA0-6DC95DA87AEC}"
EndProject
Global
	GlobalSection(SolutionConfigurationPlatforms) = preSolution
		Debug|Any CPU = Debug|Any CPU
		Release|Any CPU = Release|Any CPU
	EndGlobalSection
	GlobalSection(ProjectConfigurationPlatforms) = postSolution
		{2CF1DD96-C97C-453D-BBE5-C4D6ABD04259}.Debug|Any CPU.ActiveCfg = Debug|Any CPU
		{2CF1DD96-C97C-453D-BBE5-C4D6ABD04259}.Debug|Any CPU.Build.0 = Debug|Any CPU
		{2CF1DD96-C97C-453D-BBE5-C4D6ABD04259}.Release|Any CPU.ActiveCfg = Release|Any CPU
		{2CF1DD96-C97C-453D-BBE5-C4D6ABD04259}.Release|Any CPU.Build.0 = Release|Any CPU
		{0A3447F0-201A-466D-8DA0-6DC95DA87AEC}.Debug|Any CPU.ActiveCfg = Debug|Any CPU
		{0A3447F0-201A-466D-8DA0-6DC95DA87AEC}.Debug|Any CPU.Build.0 = Debug|Any CPU
		{0A3447F0-201A-466D-8DA0-6DC95DA87AEC}.Release|Any CPU.ActiveCfg = Release|Any CPU
		{0A3447F0-201A-466D-8DA0-6DC95DA87AEC}.Release|Any CPU.Build.0 = Release|Any CPU
	EndGlobalSection
	GlobalSection(SolutionProperties) = preSolution
		HideSolutionNode = FALSE
	EndGlobalSection
	GlobalSection(ExtensibilityGlobals) = postSolution
		SolutionGuid = {1BD44094-1615-46D0-8F96-299A9B53AB1E}
	EndGlobalSection
EndGlobal
